
Microsoft Visual Studio Solution File, Format Version 12.00
# Visual Studio 14
VisualStudioVersion = 14.0.25420.1
MinimumVisualStudioVersion = 10.0.40219.1
Project("{FAE04EC0-301F-11D3-BF4B-00C04F79EFBC}") = "RailFreightTraffic", "RailFreightTraffic\RailFreightTraffic.csproj", "{2F3DA572-E925-43D5-AB11-14A06DC6F63F}"
EndProject
Project("{FAE04EC0-301F-11D3-BF4B-00C04F79EFBC}") = "RailFreightTraffic.Test", "RailFreightTraffic.Test\RailFreightTraffic.Test.csproj", "{393A0003-885E-42FF-BE62-382185AE12CD}"
EndProject
Global
	GlobalSection(SolutionConfigurationPlatforms) = preSolution
		Debug|Any CPU = Debug|Any CPU
		Release|Any CPU = Release|Any CPU
	EndGlobalSection
	GlobalSection(ProjectConfigurationPlatforms) = postSolution
		{2F3DA572-E925-43D5-AB11-14A06DC6F63F}.Debug|Any CPU.ActiveCfg = Debug|Any CPU
		{2F3DA572-E925-43D5-AB11-14A06DC6F63F}.Debug|Any CPU.Build.0 = Debug|Any CPU
		{2F3DA572-E925-43D5-AB11-14A06DC6F63F}.Release|Any CPU.ActiveCfg = Release|Any CPU
		{2F3DA572-E925-43D5-AB11-14A06DC6F63F}.Release|Any CPU.Build.0 = Release|Any CPU
		{393A0003-885E-42FF-BE62-382185AE12CD}.Debug|Any CPU.ActiveCfg = Debug|Any CPU
		{393A0003-885E-42FF-BE62-382185AE12CD}.Debug|Any CPU.Build.0 = Debug|Any CPU
		{393A0003-885E-42FF-BE62-382185AE12CD}.Release|Any CPU.ActiveCfg = Release|Any CPU
		{393A0003-885E-42FF-BE62-382185AE12CD}.Release|Any CPU.Build.0 = Release|Any CPU
	EndGlobalSection
	GlobalSection(SolutionProperties) = preSolution
		HideSolutionNode = FALSE
	EndGlobalSection
EndGlobal
